
Microsoft Visual Studio Solution File, Format Version 12.00
# Visual Studio Version 17
VisualStudioVersion = 17.13.35919.96 d17.13
MinimumVisualStudioVersion = 10.0.40219.1
Project("{FAE04EC0-301F-11D3-BF4B-00C04F79EFBC}") = "HitServicesCore", "HitServicesCore.csproj", "{4D83A5B4-F169-1C1D-F9B0-DAC6C966B509}"
EndProject
Global
	GlobalSection(SolutionConfigurationPlatforms) = preSolution
		Debug|Any CPU = Debug|Any CPU
		Release|Any CPU = Release|Any CPU
	EndGlobalSection
	GlobalSection(ProjectConfigurationPlatforms) = postSolution
		{4D83A5B4-F169-1C1D-F9B0-DAC6C966B509}.Debug|Any CPU.ActiveCfg = Debug|Any CPU
		{4D83A5B4-F169-1C1D-F9B0-DAC6C966B509}.Debug|Any CPU.Build.0 = Debug|Any CPU
		{4D83A5B4-F169-1C1D-F9B0-DAC6C966B509}.Release|Any CPU.ActiveCfg = Release|Any CPU
		{4D83A5B4-F169-1C1D-F9B0-DAC6C966B509}.Release|Any CPU.Build.0 = Release|Any CPU
	EndGlobalSection
	GlobalSection(SolutionProperties) = preSolution
		HideSolutionNode = FALSE
	EndGlobalSection
	GlobalSection(ExtensibilityGlobals) = postSolution
		SolutionGuid = {E5A99E58-EDD0-411F-BF09-62D875D9F206}
	EndGlobalSection
EndGlobal
